
Microsoft Visual Studio Solution File, Format Version 12.00
# Visual Studio Version 16
VisualStudioVersion = 16.0.29123.88
MinimumVisualStudioVersion = 10.0.40219.1
Project("{FAE04EC0-301F-11D3-BF4B-00C04F79EFBC}") = "Protocol", "Protocol\Protocol.csproj", "{1A0172C4-490E-4592-8D6E-4B6BBAD48719}"
EndProject
Global
	GlobalSection(SolutionConfigurationPlatforms) = preSolution
		Debug|Any CPU = Debug|Any CPU
		Release|Any CPU = Release|Any CPU
	EndGlobalSection
	GlobalSection(ProjectConfigurationPlatforms) = postSolution
		{1A0172C4-490E-4592-8D6E-4B6BBAD48719}.Debug|Any CPU.ActiveCfg = Debug|Any CPU
		{1A0172C4-490E-4592-8D6E-4B6BBAD48719}.Debug|Any CPU.Build.0 = Debug|Any CPU
		{1A0172C4-490E-4592-8D6E-4B6BBAD48719}.Release|Any CPU.ActiveCfg = Release|Any CPU
		{1A0172C4-490E-4592-8D6E-4B6BBAD48719}.Release|Any CPU.Build.0 = Release|Any CPU
	EndGlobalSection
	GlobalSection(SolutionProperties) = preSolution
		HideSolutionNode = FALSE
	EndGlobalSection
	GlobalSection(ExtensibilityGlobals) = postSolution
		SolutionGuid = {8B926F65-4B78-4EC9-B2B1-E458696214E0}
	EndGlobalSection
EndGlobal
